
Microsoft Visual Studio Solution File, Format Version 12.00
# Visual Studio 14
VisualStudioVersion = 14.0.25420.1
MinimumVisualStudioVersion = 10.0.40219.1
Project("{00D1A9C2-B5F0-4AF3-8072-F6C62B433612}") = "PERC.CDS.DB", "PERC.CDS.DB\PERC.CDS.DB.sqlproj", "{3E2A9E88-C6CA-491C-B819-E5EB7B0A2BAE}"
EndProject
Global
	GlobalSection(SolutionConfigurationPlatforms) = preSolution
		Debug|Any CPU = Debug|Any CPU
		Release|Any CPU = Release|Any CPU
	EndGlobalSection
	GlobalSection(ProjectConfigurationPlatforms) = postSolution
		{3E2A9E88-C6CA-491C-B819-E5EB7B0A2BAE}.Debug|Any CPU.ActiveCfg = Debug|Any CPU
		{3E2A9E88-C6CA-491C-B819-E5EB7B0A2BAE}.Debug|Any CPU.Build.0 = Debug|Any CPU
		{3E2A9E88-C6CA-491C-B819-E5EB7B0A2BAE}.Debug|Any CPU.Deploy.0 = Debug|Any CPU
		{3E2A9E88-C6CA-491C-B819-E5EB7B0A2BAE}.Release|Any CPU.ActiveCfg = Release|Any CPU
		{3E2A9E88-C6CA-491C-B819-E5EB7B0A2BAE}.Release|Any CPU.Build.0 = Release|Any CPU
		{3E2A9E88-C6CA-491C-B819-E5EB7B0A2BAE}.Release|Any CPU.Deploy.0 = Release|Any CPU
	EndGlobalSection
	GlobalSection(SolutionProperties) = preSolution
		HideSolutionNode = FALSE
	EndGlobalSection
	GlobalSection(TeamFoundationVersionControl) = preSolution
		SccNumberOfProjects = 2
		SccEnterpriseProvider = {4CA58AB2-18FA-4F8D-95D4-32DDF27D184C}
		SccTeamFoundationServer = https://devops.ec.va.gov/sharedservices
		SccLocalPath0 = .
		SccProjectUniqueName1 = PERC.CDS.DB.sqlproj
		SccLocalPath1 = .
	EndGlobalSection
EndGlobal
